
Microsoft Visual Studio Solution File, Format Version 12.00
# Visual Studio 15
VisualStudioVersion = 15.0.28307.421
MinimumVisualStudioVersion = 10.0.40219.1
Project("{FAE04EC0-301F-11D3-BF4B-00C04F79EFBC}") = "Lomtseu.TechnoMap.CoreApi", "..\Lomtseu.TechnoMap.CoreApi\Lomtseu.TechnoMap.CoreApi.csproj", "{D612DA3B-E6F6-487D-BD94-E767E440F073}"
EndProject
Global
	GlobalSection(SolutionConfigurationPlatforms) = preSolution
		Debug|Any CPU = Debug|Any CPU
		Release|Any CPU = Release|Any CPU
	EndGlobalSection
	GlobalSection(ProjectConfigurationPlatforms) = postSolution
		{D612DA3B-E6F6-487D-BD94-E767E440F073}.Debug|Any CPU.ActiveCfg = Debug|Any CPU
		{D612DA3B-E6F6-487D-BD94-E767E440F073}.Debug|Any CPU.Build.0 = Debug|Any CPU
		{D612DA3B-E6F6-487D-BD94-E767E440F073}.Release|Any CPU.ActiveCfg = Release|Any CPU
		{D612DA3B-E6F6-487D-BD94-E767E440F073}.Release|Any CPU.Build.0 = Release|Any CPU
	EndGlobalSection
	GlobalSection(SolutionProperties) = preSolution
		HideSolutionNode = FALSE
	EndGlobalSection
	GlobalSection(ExtensibilityGlobals) = postSolution
		SolutionGuid = {6B0BA0F1-186C-472F-8C3D-67935E120616}
	EndGlobalSection
EndGlobal
